// !$*UTF8*$!
{
	archiveVersion = 1;
	classes = {
	};
	objectVersion = 56;
	objects = {

/* Begin PBXBuildFile section */
		DC4A959629A7F2ED00987C53 /* HomeScreen.swift in Sources */ = {isa = PBXBuildFile; fileRef = DC4A959529A7F2ED00987C53 /* HomeScreen.swift */; };
		DC4A959829A8114700987C53 /* DetailsScreen.swift in Sources */ = {isa = PBXBuildFile; fileRef = DC4A959729A8114700987C53 /* DetailsScreen.swift */; };
		DC65018E29A7A82B007DAF56 /* ShopApp_UIApp.swift in Sources */ = {isa = PBXBuildFile; fileRef = DC65018D29A7A82B007DAF56 /* ShopApp_UIApp.swift */; };
		DC65019029A7A82B007DAF56 /* ContentView.swift in Sources */ = {isa = PBXBuildFile; fileRef = DC65018F29A7A82B007DAF56 /* ContentView.swift */; };
		DC65019229A7A82C007DAF56 /* Assets.xcassets in Resources */ = {isa = PBXBuildFile; fileRef = DC65019129A7A82C007DAF56 /* Assets.xcassets */; };
		DC65019529A7A82C007DAF56 /* Preview Assets.xcassets in Resources */ = {isa = PBXBuildFile; fileRef = DC65019429A7A82C007DAF56 /* Preview Assets.xcassets */; };
		DC65019C29A7A851007DAF56 /* Fonts in Resources */ = {isa = PBXBuildFile; fileRef = DC65019B29A7A851007DAF56 /* Fonts */; };
/* End PBXBuildFile section */

/* Begin PBXFileReference section */
		DC4A959529A7F2ED00987C53 /* HomeScreen.swift */ = {isa = PBXFileReference; lastKnownFileType = sourcecode.swift; path = HomeScreen.swift; sourceTree = "<group>"; };
		DC4A959729A8114700987C53 /* DetailsScreen.swift */ = {isa = PBXFileReference; lastKnownFileType = sourcecode.swift; path = DetailsScreen.swift; sourceTree = "<group>"; };
		DC65018A29A7A82B007DAF56 /* ShopApp UI.app */ = {isa = PBXFileReference; explicitFileType = wrapper.application; includeInIndex = 0; path = "ShopApp UI.app"; sourceTree = BUILT_PRODUCTS_DIR; };
		DC65018D29A7A82B007DAF56 /* ShopApp_UIApp.swift */ = {isa = PBXFileReference; lastKnownFileType = sourcecode.swift; path = ShopApp_UIApp.swift; sourceTree = "<group>"; };
		DC65018F29A7A82B007DAF56 /* ContentView.swift */ = {isa = PBXFileReference; lastKnownFileType = sourcecode.swift; path = ContentView.swift; sourceTree = "<group>"; };
		DC65019129A7A82C007DAF56 /* Assets.xcassets */ = {isa = PBXFileReference; lastKnownFileType = folder.assetcatalog; path = Assets.xcassets; sourceTree = "<group>"; };
		DC65019429A7A82C007DAF56 /* Preview Assets.xcassets */ = {isa = PBXFileReference; lastKnownFileType = folder.assetcatalog; path = "Preview Assets.xcassets"; sourceTree = "<group>"; };
		DC65019B29A7A851007DAF56 /* Fonts */ = {isa = PBXFileReference; lastKnownFileType = folder; name = Fonts; path = ../../../../Desktop/Fonts; sourceTree = "<group>"; };
		DCF9E69629A7B85F00B51A87 /* ShopApp-UI-Info.plist */ = {isa = PBXFileReference; lastKnownFileType = text.plist; path = "ShopApp-UI-Info.plist"; sourceTree = SOURCE_ROOT; };
/* End PBXFileReference section */

/* Begin PBXFrameworksBuildPhase section */
		DC65018729A7A82B007DAF56 /* Frameworks */ = {
			isa = PBXFrameworksBuildPhase;
			buildActionMask = 2147483647;
			files = (
			);
			runOnlyForDeploymentPostprocessing = 0;
		};
/* End PBXFrameworksBuildPhase section */

/* Begin PBXGroup section */
		DC4A959429A7F2C800987C53 /* Screens */ = {
			isa = PBXGroup;
			children = (
				DC4A959529A7F2ED00987C53 /* HomeScreen.swift */,
				DC4A959729A8114700987C53 /* DetailsScreen.swift */,
			);
			path = Screens;
			sourceTree = "<group>";
		};
		DC65018129A7A82B007DAF56 = {
			isa = PBXGroup;
			children = (
				DC65018C29A7A82B007DAF56 /* ShopApp UI */,
				DC65018B29A7A82B007DAF56 /* Products */,
			);
			sourceTree = "<group>";
		};
		DC65018B29A7A82B007DAF56 /* Products */ = {
			isa = PBXGroup;
			children = (
				DC65018A29A7A82B007DAF56 /* ShopApp UI.app */,
			);
			name = Products;
			sourceTree = "<group>";
		};
		DC65018C29A7A82B007DAF56 /* ShopApp UI */ = {
			isa = PBXGroup;
			children = (
				DC4A959429A7F2C800987C53 /* Screens */,
				DCF9E69629A7B85F00B51A87 /* ShopApp-UI-Info.plist */,
				DC65019B29A7A851007DAF56 /* Fonts */,
				DC65018D29A7A82B007DAF56 /* ShopApp_UIApp.swift */,
				DC65018F29A7A82B007DAF56 /* ContentView.swift */,
				DC65019129A7A82C007DAF56 /* Assets.xcassets */,
				DC65019329A7A82C007DAF56 /* Preview Content */,
			);
			path = "ShopApp UI";
			sourceTree = "<group>";
		};
		DC65019329A7A82C007DAF56 /* Preview Content */ = {
			isa = PBXGroup;
			children = (
				DC65019429A7A82C007DAF56 /* Preview Assets.xcassets */,
			);
			path = "Preview Content";
			sourceTree = "<group>";
		};
/* End PBXGroup section */

/* Begin PBXNativeTarget section */
		DC65018929A7A82B007DAF56 /* ShopApp UI */ = {
			isa = PBXNativeTarget;
			buildConfigurationList = DC65019829A7A82C007DAF56 /* Build configuration list for PBXNativeTarget "ShopApp UI" */;
			buildPhases = (
				DC65018629A7A82B007DAF56 /* Sources */,
				DC65018729A7A82B007DAF56 /* Frameworks */,
				DC65018829A7A82B007DAF56 /* Resources */,
			);
			buildRules = (
			);
			dependencies = (
			);
			name = "ShopApp UI";
			productName = "ShopApp UI";
			productReference = DC65018A29A7A82B007DAF56 /* ShopApp UI.app */;
			productType = "com.apple.product-type.application";
		};
/* End PBXNativeTarget section */

/* Begin PBXProject section */
		DC65018229A7A82B007DAF56 /* Project object */ = {
			isa = PBXProject;
			attributes = {
				BuildIndependentTargetsInParallel = 1;
				LastSwiftUpdateCheck = 1420;
				LastUpgradeCheck = 1420;
				TargetAttributes = {
					DC65018929A7A82B007DAF56 = {
						CreatedOnToolsVersion = 14.2;
					};
				};
			};
			buildConfigurationList = DC65018529A7A82B007DAF56 /* Build configuration list for PBXProject "ShopApp UI" */;
			compatibilityVersion = "Xcode 14.0";
			developmentRegion = en;
			hasScannedForEncodings = 0;
			knownRegions = (
				en,
				Base,
			);
			mainGroup = DC65018129A7A82B007DAF56;
			productRefGroup = DC65018B29A7A82B007DAF56 /* Products */;
			projectDirPath = "";
			projectRoot = "";
			targets = (
				DC65018929A7A82B007DAF56 /* ShopApp UI */,
			);
		};
/* End PBXProject section */

/* Begin PBXResourcesBuildPhase section */
		DC65018829A7A82B007DAF56 /* Resources */ = {
			isa = PBXResourcesBuildPhase;
			buildActionMask = 2147483647;
			files = (
				DC65019C29A7A851007DAF56 /* Fonts in Resources */,
				DC65019529A7A82C007DAF56 /* Preview Assets.xcassets in Resources */,
				DC65019229A7A82C007DAF56 /* Assets.xcassets in Resources */,
			);
			runOnlyForDeploymentPostprocessing = 0;
		};
/* End PBXResourcesBuildPhase section */

/* Begin PBXSourcesBuildPhase section */
		DC65018629A7A82B007DAF56 /* Sources */ = {
			isa = PBXSourcesBuildPhase;
			buildActionMask = 2147483647;
			files = (
				DC4A959829A8114700987C53 /* DetailsScreen.swift in Sources */,
				DC65019029A7A82B007DAF56 /* ContentView.swift in Sources */,
				DC65018E29A7A82B007DAF56 /* ShopApp_UIApp.swift in Sources */,
				DC4A959629A7F2ED00987C53 /* HomeScreen.swift in Sources */,
			);
			runOnlyForDeploymentPostprocessing = 0;
		};
/* End PBXSourcesBuildPhase section */

/* Begin XCBuildConfiguration section */
		DC65019629A7A82C007DAF56 /* Debug */ = {
			isa = XCBuildConfiguration;
			buildSettings = {
				ALWAYS_SEARCH_USER_PATHS = NO;
				CLANG_ANALYZER_NONNULL = YES;
				CLANG_ANALYZER_NUMBER_OBJECT_CONVERSION = YES_AGGRESSIVE;
				CLANG_CXX_LANGUAGE_STANDARD = "gnu++20";
				CLANG_ENABLE_MODULES = YES;
				CLANG_ENABLE_OBJC_ARC = YES;
				CLANG_ENABLE_OBJC_WEAK = YES;
				CLANG_WARN_BLOCK_CAPTURE_AUTORELEASING = YES;
				CLANG_WARN_BOOL_CONVERSION = YES;
				CLANG_WARN_COMMA = YES;
				CLANG_WARN_CONSTANT_CONVERSION = YES;
				CLANG_WARN_DEPRECATED_OBJC_IMPLEMENTATIONS = YES;
				CLANG_WARN_DIRECT_OBJC_ISA_USAGE = YES_ERROR;
				CLANG_WARN_DOCUMENTATION_COMMENTS = YES;
				CLANG_WARN_EMPTY_BODY = YES;
				CLANG_WARN_ENUM_CONVERSION = YES;
				CLANG_WARN_INFINITE_RECURSION = YES;
				CLANG_WARN_INT_CONVERSION = YES;
				CLANG_WARN_NON_LITERAL_NULL_CONVERSION = YES;
				CLANG_WARN_OBJC_IMPLICIT_RETAIN_SELF = YES;
				CLANG_WARN_OBJC_LITERAL_CONVERSION = YES;
				CLANG_WARN_OBJC_ROOT_CLASS = YES_ERROR;
				CLANG_WARN_QUOTED_INCLUDE_IN_FRAMEWORK_HEADER = YES;
				CLANG_WARN_RANGE_LOOP_ANALYSIS = YES;
				CLANG_WARN_STRICT_PROTOTYPES = YES;
				CLANG_WARN_SUSPICIOUS_MOVE = YES;
				CLANG_WARN_UNGUARDED_AVAILABILITY = YES_AGGRESSIVE;
				CLANG_WARN_UNREACHABLE_CODE = YES;
				CLANG_WARN__DUPLICATE_METHOD_MATCH = YES;
				COPY_PHASE_STRIP = NO;
				DEBUG_INFORMATION_FORMAT = dwarf;
				ENABLE_STRICT_OBJC_MSGSEND = YES;
				ENABLE_TESTABILITY = YES;
				GCC_C_LANGUAGE_STANDARD = gnu11;
				GCC_DYNAMIC_NO_PIC = NO;
				GCC_NO_COMMON_BLOCKS = YES;
				GCC_OPTIMIZATION_LEVEL = 0;
				GCC_PREPROCESSOR_DEFINITIONS = (
					"DEBUG=1",
					"$(inherited)",
				);
				GCC_WARN_64_TO_32_BIT_CONVERSION = YES;
				GCC_WARN_ABOUT_RETURN_TYPE = YES_ERROR;
				GCC_WARN_UNDECLARED_SELECTOR = YES;
				GCC_WARN_UNINITIALIZED_AUTOS = YES_AGGRESSIVE;
				GCC_WARN_UNUSED_FUNCTION = YES;
				GCC_WARN_UNUSED_VARIABLE = YES;
				IPHONEOS_DEPLOYMENT_TARGET = 16.2;
				MTL_ENABLE_DEBUG_INFO = INCLUDE_SOURCE;
				MTL_FAST_MATH = YES;
				ONLY_ACTIVE_ARCH = YES;
				SDKROOT = iphoneos;
				SWIFT_ACTIVE_COMPILATION_CONDITIONS = DEBUG;
				SWIFT_OPTIMIZATION_LEVEL = "-Onone";
			};
			name = Debug;
		};
		DC65019729A7A82C007DAF56 /* Release */ = {
			isa = XCBuildConfiguration;
			buildSettings = {
				ALWAYS_SEARCH_USER_PATHS = NO;
				CLANG_ANALYZER_NONNULL = YES;
				CLANG_ANALYZER_NUMBER_OBJECT_CONVERSION = YES_AGGRESSIVE;
				CLANG_CXX_LANGUAGE_STANDARD = "gnu++20";
				CLANG_ENABLE_MODULES = YES;
				CLANG_ENABLE_OBJC_ARC = YES;
				CLANG_ENABLE_OBJC_WEAK = YES;
				CLANG_WARN_BLOCK_CAPTURE_AUTORELEASING = YES;
				CLANG_WARN_BOOL_CONVERSION = YES;
				CLANG_WARN_COMMA = YES;
				CLANG_WARN_CONSTANT_CONVERSION = YES;
				CLANG_WARN_DEPRECATED_OBJC_IMPLEMENTATIONS = YES;
				CLANG_WARN_DIRECT_OBJC_ISA_USAGE = YES_ERROR;
				CLANG_WARN_DOCUMENTATION_COMMENTS = YES;
				CLANG_WARN_EMPTY_BODY = YES;
				CLANG_WARN_ENUM_CONVERSION = YES;
				CLANG_WARN_INFINITE_RECURSION = YES;
				CLANG_WARN_INT_CONVERSION = YES;
				CLANG_WARN_NON_LITERAL_NULL_CONVERSION = YES;
				CLANG_WARN_OBJC_IMPLICIT_RETAIN_SELF = YES;
				CLANG_WARN_OBJC_LITERAL_CONVERSION = YES;
				CLANG_WARN_OBJC_ROOT_CLASS = YES_ERROR;
				CLANG_WARN_QUOTED_INCLUDE_IN_FRAMEWORK_HEADER = YES;
				CLANG_WARN_RANGE_LOOP_ANALYSIS = YES;
				CLANG_WARN_STRICT_PROTOTYPES = YES;
				CLANG_WARN_SUSPICIOUS_MOVE = YES;
				CLANG_WARN_UNGUARDED_AVAILABILITY = YES_AGGRESSIVE;
				CLANG_WARN_UNREACHABLE_CODE = YES;
				CLANG_WARN__DUPLICATE_METHOD_MATCH = YES;
				COPY_PHASE_STRIP = NO;
				DEBUG_INFORMATION_FORMAT = "dwarf-with-dsym";
				ENABLE_NS_ASSERTIONS = NO;
				ENABLE_STRICT_OBJC_MSGSEND = YES;
				GCC_C_LANGUAGE_STANDARD = gnu11;
				GCC_NO_COMMON_BLOCKS = YES;
				GCC_WARN_64_TO_32_BIT_CONVERSION = YES;
				GCC_WARN_ABOUT_RETURN_TYPE = YES_ERROR;
				GCC_WARN_UNDECLARED_SELECTOR = YES;
				GCC_WARN_UNINITIALIZED_AUTOS = YES_AGGRESSIVE;
				GCC_WARN_UNUSED_FUNCTION = YES;
				GCC_WARN_UNUSED_VARIABLE = YES;
				IPHONEOS_DEPLOYMENT_TARGET = 16.2;
				MTL_ENABLE_DEBUG_INFO = NO;
				MTL_FAST_MATH = YES;
				SDKROOT = iphoneos;
				SWIFT_COMPILATION_MODE = wholemodule;
				SWIFT_OPTIMIZATION_LEVEL = "-O";
				VALIDATE_PRODUCT = YES;
			};
			name = Release;
		};
		DC65019929A7A82C007DAF56 /* Debug */ = {
			isa = XCBuildConfiguration;
			buildSettings = {
				ASSETCATALOG_COMPILER_APPICON_NAME = AppIcon;
				ASSETCATALOG_COMPILER_GLOBAL_ACCENT_COLOR_NAME = AccentColor;
				CODE_SIGN_STYLE = Automatic;
				CURRENT_PROJECT_VERSION = 1;
				DEVELOPMENT_ASSET_PATHS = "\"ShopApp UI/Preview Content\"";
				DEVELOPMENT_TEAM = 27976765KZ;
				ENABLE_PREVIEWS = YES;
				GENERATE_INFOPLIST_FILE = YES;
				INFOPLIST_FILE = "ShopApp-UI-Info.plist";
				INFOPLIST_KEY_UIApplicationSceneManifest_Generation = YES;
				INFOPLIST_KEY_UIApplicationSupportsIndirectInputEvents = YES;
				INFOPLIST_KEY_UILaunchScreen_Generation = YES;
				INFOPLIST_KEY_UISupportedInterfaceOrientations_iPad = "UIInterfaceOrientationPortrait UIInterfaceOrientationPortraitUpsideDown UIInterfaceOrientationLandscapeLeft UIInterfaceOrientationLandscapeRight";
				INFOPLIST_KEY_UISupportedInterfaceOrientations_iPhone = "UIInterfaceOrientationPortrait UIInterfaceOrientationLandscapeLeft UIInterfaceOrientationLandscapeRight";
				LD_RUNPATH_SEARCH_PATHS = (
					"$(inherited)",
					"@executable_path/Frameworks",
				);
				MARKETING_VERSION = 1.0;
				PRODUCT_BUNDLE_IDENTIFIER = "furkankeskin.ShopApp-UI";
				PRODUCT_NAME = "$(TARGET_NAME)";
				SWIFT_EMIT_LOC_STRINGS = YES;
				SWIFT_VERSION = 5.0;
				TARGETED_DEVICE_FAMILY = "1,2";
			};
			name = Debug;
		};
		DC65019A29A7A82C007DAF56 /* Release */ = {
			isa = XCBuildConfiguration;
			buildSettings = {
				ASSETCATALOG_COMPILER_APPICON_NAME = AppIcon;
				ASSETCATALOG_COMPILER_GLOBAL_ACCENT_COLOR_NAME = AccentColor;
				CODE_SIGN_STYLE = Automatic;
				CURRENT_PROJECT_VERSION = 1;
				DEVELOPMENT_ASSET_PATHS = "\"ShopApp UI/Preview Content\"";
				DEVELOPMENT_TEAM = 27976765KZ;
				ENABLE_PREVIEWS = YES;
				GENERATE_INFOPLIST_FILE = YES;
				INFOPLIST_FILE = "ShopApp-UI-Info.plist";
				INFOPLIST_KEY_UIApplicationSceneManifest_Generation = YES;
				INFOPLIST_KEY_UIApplicationSupportsIndirectInputEvents = YES;
				INFOPLIST_KEY_UILaunchScreen_Generation = YES;
				INFOPLIST_KEY_UISupportedInterfaceOrientations_iPad = "UIInterfaceOrientationPortrait UIInterfaceOrientationPortraitUpsideDown UIInterfaceOrientationLandscapeLeft UIInterfaceOrientationLandscapeRight";
				INFOPLIST_KEY_UISupportedInterfaceOrientations_iPhone = "UIInterfaceOrientationPortrait UIInterfaceOrientationLandscapeLeft UIInterfaceOrientationLandscapeRight";
				LD_RUNPATH_SEARCH_PATHS = (
					"$(inherited)",
					"@executable_path/Frameworks",
				);
				MARKETING_VERSION = 1.0;
				PRODUCT_BUNDLE_IDENTIFIER = "furkankeskin.ShopApp-UI";
				PRODUCT_NAME = "$(TARGET_NAME)";
				SWIFT_EMIT_LOC_STRINGS = YES;
				SWIFT_VERSION = 5.0;
				TARGETED_DEVICE_FAMILY = "1,2";
			};
			name = Release;
		};
/* End XCBuildConfiguration section */

/* Begin XCConfigurationList section */
		DC65018529A7A82B007DAF56 /* Build configuration list for PBXProject "ShopApp UI" */ = {
			isa = XCConfigurationList;
			buildConfigurations = (
				DC65019629A7A82C007DAF56 /* Debug */,
				DC65019729A7A82C007DAF56 /* Release */,
			);
			defaultConfigurationIsVisible = 0;
			defaultConfigurationName = Release;
		};
		DC65019829A7A82C007DAF56 /* Build configuration list for PBXNativeTarget "ShopApp UI" */ = {
			isa = XCConfigurationList;
			buildConfigurations = (
				DC65019929A7A82C007DAF56 /* Debug */,
				DC65019A29A7A82C007DAF56 /* Release */,
			);
			defaultConfigurationIsVisible = 0;
			defaultConfigurationName = Release;
		};
/* End XCConfigurationList section */
	};
	rootObject = DC65018229A7A82B007DAF56 /* Project object */;
}
